
Microsoft Visual Studio Solution File, Format Version 12.00
# Visual Studio 15
VisualStudioVersion = 15.0.27004.2005
MinimumVisualStudioVersion = 10.0.40219.1
Project("{FAE04EC0-301F-11D3-BF4B-00C04F79EFBC}") = "MobileApp.Android", "MobileApp\MobileApp.Android\MobileApp.Android.csproj", "{0523CA34-EE43-497A-9E67-DCC26851C80E}"
EndProject
Project("{FAE04EC0-301F-11D3-BF4B-00C04F79EFBC}") = "MobileApp.iOS", "MobileApp\MobileApp.iOS\MobileApp.iOS.csproj", "{12B35630-7A55-4CC4-A3A5-B1EA2629033D}"
EndProject
Project("{9A19103F-16F7-4668-BE54-9A1E7A4F7556}") = "MobileApp.Shared", "MobileApp.Shared\MobileApp.Shared.csproj", "{E87B2389-604E-4480-A9E1-3814D8EF8D25}"
EndProject
Global
	GlobalSection(SharedMSBuildProjectFiles) = preSolution
		MobileApp\MobileApp\MobileApp.projitems*{12b35630-7a55-4cc4-a3a5-b1ea2629033d}*SharedItemsImports = 4
	EndGlobalSection
	GlobalSection(SolutionConfigurationPlatforms) = preSolution
		Ad-Hoc|Any CPU = Ad-Hoc|Any CPU
		Ad-Hoc|ARM = Ad-Hoc|ARM
		Ad-Hoc|iPhone = Ad-Hoc|iPhone
		Ad-Hoc|iPhoneSimulator = Ad-Hoc|iPhoneSimulator
		Ad-Hoc|x64 = Ad-Hoc|x64
		Ad-Hoc|x86 = Ad-Hoc|x86
		AppStore|Any CPU = AppStore|Any CPU
		AppStore|ARM = AppStore|ARM
		AppStore|iPhone = AppStore|iPhone
		AppStore|iPhoneSimulator = AppStore|iPhoneSimulator
		AppStore|x64 = AppStore|x64
		AppStore|x86 = AppStore|x86
		Debug|Any CPU = Debug|Any CPU
		Debug|ARM = Debug|ARM
		Debug|iPhone = Debug|iPhone
		Debug|iPhoneSimulator = Debug|iPhoneSimulator
		Debug|x64 = Debug|x64
		Debug|x86 = Debug|x86
		Release|Any CPU = Release|Any CPU
		Release|ARM = Release|ARM
		Release|iPhone = Release|iPhone
		Release|iPhoneSimulator = Release|iPhoneSimulator
		Release|x64 = Release|x64
		Release|x86 = Release|x86
	EndGlobalSection
	GlobalSection(ProjectConfigurationPlatforms) = postSolution
		{0523CA34-EE43-497A-9E67-DCC26851C80E}.Ad-Hoc|Any CPU.ActiveCfg = Release|Any CPU
		{0523CA34-EE43-497A-9E67-DCC26851C80E}.Ad-Hoc|Any CPU.Build.0 = Release|Any CPU
		{0523CA34-EE43-497A-9E67-DCC26851C80E}.Ad-Hoc|Any CPU.Deploy.0 = Release|Any CPU
		{0523CA34-EE43-497A-9E67-DCC26851C80E}.Ad-Hoc|ARM.ActiveCfg = Debug|Any CPU
		{0523CA34-EE43-497A-9E67-DCC26851C80E}.Ad-Hoc|iPhone.ActiveCfg = Release|Any CPU
		{0523CA34-EE43-497A-9E67-DCC26851C80E}.Ad-Hoc|iPhone.Build.0 = Release|Any CPU
		{0523CA34-EE43-497A-9E67-DCC26851C80E}.Ad-Hoc|iPhone.Deploy.0 = Release|Any CPU
		{0523CA34-EE43-497A-9E67-DCC26851C80E}.Ad-Hoc|iPhoneSimulator.ActiveCfg = Release|Any CPU
		{0523CA34-EE43-497A-9E67-DCC26851C80E}.Ad-Hoc|iPhoneSimulator.Build.0 = Release|Any CPU
		{0523CA34-EE43-497A-9E67-DCC26851C80E}.Ad-Hoc|iPhoneSimulator.Deploy.0 = Release|Any CPU
		{0523CA34-EE43-497A-9E67-DCC26851C80E}.Ad-Hoc|x64.ActiveCfg = Debug|Any CPU
		{0523CA34-EE43-497A-9E67-DCC26851C80E}.Ad-Hoc|x86.ActiveCfg = Debug|Any CPU
		{0523CA34-EE43-497A-9E67-DCC26851C80E}.AppStore|Any CPU.ActiveCfg = Release|Any CPU
		{0523CA34-EE43-497A-9E67-DCC26851C80E}.AppStore|Any CPU.Build.0 = Release|Any CPU
		{0523CA34-EE43-497A-9E67-DCC26851C80E}.AppStore|Any CPU.Deploy.0 = Release|Any CPU
		{0523CA34-EE43-497A-9E67-DCC26851C80E}.AppStore|ARM.ActiveCfg = Debug|Any CPU
		{0523CA34-EE43-497A-9E67-DCC26851C80E}.AppStore|iPhone.ActiveCfg = Release|Any CPU
		{0523CA34-EE43-497A-9E67-DCC26851C80E}.AppStore|iPhone.Build.0 = Release|Any CPU
		{0523CA34-EE43-497A-9E67-DCC26851C80E}.AppStore|iPhone.Deploy.0 = Release|Any CPU
		{0523CA34-EE43-497A-9E67-DCC26851C80E}.AppStore|iPhoneSimulator.ActiveCfg = Release|Any CPU
		{0523CA34-EE43-497A-9E67-DCC26851C80E}.AppStore|iPhoneSimulator.Build.0 = Release|Any CPU
		{0523CA34-EE43-497A-9E67-DCC26851C80E}.AppStore|iPhoneSimulator.Deploy.0 = Release|Any CPU
		{0523CA34-EE43-497A-9E67-DCC26851C80E}.AppStore|x64.ActiveCfg = Debug|Any CPU
		{0523CA34-EE43-497A-9E67-DCC26851C80E}.AppStore|x86.ActiveCfg = Debug|Any CPU
		{0523CA34-EE43-497A-9E67-DCC26851C80E}.Debug|Any CPU.ActiveCfg = Debug|Any CPU
		{0523CA34-EE43-497A-9E67-DCC26851C80E}.Debug|Any CPU.Build.0 = Debug|Any CPU
		{0523CA34-EE43-497A-9E67-DCC26851C80E}.Debug|Any CPU.Deploy.0 = Debug|Any CPU
		{0523CA34-EE43-497A-9E67-DCC26851C80E}.Debug|ARM.ActiveCfg = Debug|Any CPU
		{0523CA34-EE43-497A-9E67-DCC26851C80E}.Debug|iPhone.ActiveCfg = Debug|Any CPU
		{0523CA34-EE43-497A-9E67-DCC26851C80E}.Debug|iPhone.Build.0 = Debug|Any CPU
		{0523CA34-EE43-497A-9E67-DCC26851C80E}.Debug|iPhone.Deploy.0 = Debug|Any CPU
		{0523CA34-EE43-497A-9E67-DCC26851C80E}.Debug|iPhoneSimulator.ActiveCfg = Debug|Any CPU
		{0523CA34-EE43-497A-9E67-DCC26851C80E}.Debug|iPhoneSimulator.Build.0 = Debug|Any CPU
		{0523CA34-EE43-497A-9E67-DCC26851C80E}.Debug|iPhoneSimulator.Deploy.0 = Debug|Any CPU
		{0523CA34-EE43-497A-9E67-DCC26851C80E}.Debug|x64.ActiveCfg = Debug|Any CPU
		{0523CA34-EE43-497A-9E67-DCC26851C80E}.Debug|x86.ActiveCfg = Debug|Any CPU
		{0523CA34-EE43-497A-9E67-DCC26851C80E}.Release|Any CPU.ActiveCfg = Release|Any CPU
		{0523CA34-EE43-497A-9E67-DCC26851C80E}.Release|Any CPU.Build.0 = Release|Any CPU
		{0523CA34-EE43-497A-9E67-DCC26851C80E}.Release|Any CPU.Deploy.0 = Release|Any CPU
		{0523CA34-EE43-497A-9E67-DCC26851C80E}.Release|ARM.ActiveCfg = Release|Any CPU
		{0523CA34-EE43-497A-9E67-DCC26851C80E}.Release|iPhone.ActiveCfg = Release|Any CPU
		{0523CA34-EE43-497A-9E67-DCC26851C80E}.Release|iPhone.Build.0 = Release|Any CPU
		{0523CA34-EE43-497A-9E67-DCC26851C80E}.Release|iPhone.Deploy.0 = Release|Any CPU
		{0523CA34-EE43-497A-9E67-DCC26851C80E}.Release|iPhoneSimulator.ActiveCfg = Release|Any CPU
		{0523CA34-EE43-497A-9E67-DCC26851C80E}.Release|iPhoneSimulator.Build.0 = Release|Any CPU
		{0523CA34-EE43-497A-9E67-DCC26851C80E}.Release|iPhoneSimulator.Deploy.0 = Release|Any CPU
		{0523CA34-EE43-497A-9E67-DCC26851C80E}.Release|x64.ActiveCfg = Release|Any CPU
		{0523CA34-EE43-497A-9E67-DCC26851C80E}.Release|x86.ActiveCfg = Release|Any CPU
		{12B35630-7A55-4CC4-A3A5-B1EA2629033D}.Ad-Hoc|Any CPU.ActiveCfg = Ad-Hoc|iPhoneSimulator
		{12B35630-7A55-4CC4-A3A5-B1EA2629033D}.Ad-Hoc|ARM.ActiveCfg = Ad-Hoc|iPhone
		{12B35630-7A55-4CC4-A3A5-B1EA2629033D}.Ad-Hoc|iPhone.ActiveCfg = Ad-Hoc|iPhone
		{12B35630-7A55-4CC4-A3A5-B1EA2629033D}.Ad-Hoc|iPhone.Build.0 = Ad-Hoc|iPhone
		{12B35630-7A55-4CC4-A3A5-B1EA2629033D}.Ad-Hoc|iPhoneSimulator.ActiveCfg = Ad-Hoc|iPhoneSimulator
		{12B35630-7A55-4CC4-A3A5-B1EA2629033D}.Ad-Hoc|iPhoneSimulator.Build.0 = Ad-Hoc|iPhoneSimulator
		{12B35630-7A55-4CC4-A3A5-B1EA2629033D}.Ad-Hoc|x64.ActiveCfg = Ad-Hoc|iPhone
		{12B35630-7A55-4CC4-A3A5-B1EA2629033D}.Ad-Hoc|x86.ActiveCfg = Ad-Hoc|iPhone
		{12B35630-7A55-4CC4-A3A5-B1EA2629033D}.AppStore|Any CPU.ActiveCfg = AppStore|iPhoneSimulator
		{12B35630-7A55-4CC4-A3A5-B1EA2629033D}.AppStore|ARM.ActiveCfg = AppStore|iPhone
		{12B35630-7A55-4CC4-A3A5-B1EA2629033D}.AppStore|iPhone.ActiveCfg = AppStore|iPhone
		{12B35630-7A55-4CC4-A3A5-B1EA2629033D}.AppStore|iPhone.Build.0 = AppStore|iPhone
		{12B35630-7A55-4CC4-A3A5-B1EA2629033D}.AppStore|iPhoneSimulator.ActiveCfg = AppStore|iPhoneSimulator
		{12B35630-7A55-4CC4-A3A5-B1EA2629033D}.AppStore|iPhoneSimulator.Build.0 = AppStore|iPhoneSimulator
		{12B35630-7A55-4CC4-A3A5-B1EA2629033D}.AppStore|x64.ActiveCfg = AppStore|iPhone
		{12B35630-7A55-4CC4-A3A5-B1EA2629033D}.AppStore|x86.ActiveCfg = AppStore|iPhone
		{12B35630-7A55-4CC4-A3A5-B1EA2629033D}.Debug|Any CPU.ActiveCfg = Debug|iPhoneSimulator
		{12B35630-7A55-4CC4-A3A5-B1EA2629033D}.Debug|ARM.ActiveCfg = Debug|iPhone
		{12B35630-7A55-4CC4-A3A5-B1EA2629033D}.Debug|iPhone.ActiveCfg = Debug|iPhone
		{12B35630-7A55-4CC4-A3A5-B1EA2629033D}.Debug|iPhone.Build.0 = Debug|iPhone
		{12B35630-7A55-4CC4-A3A5-B1EA2629033D}.Debug|iPhoneSimulator.ActiveCfg = Debug|iPhoneSimulator
		{12B35630-7A55-4CC4-A3A5-B1EA2629033D}.Debug|iPhoneSimulator.Build.0 = Debug|iPhoneSimulator
		{12B35630-7A55-4CC4-A3A5-B1EA2629033D}.Debug|x64.ActiveCfg = Debug|iPhone
		{12B35630-7A55-4CC4-A3A5-B1EA2629033D}.Debug|x86.ActiveCfg = Debug|iPhone
		{12B35630-7A55-4CC4-A3A5-B1EA2629033D}.Release|Any CPU.ActiveCfg = Release|iPhoneSimulator
		{12B35630-7A55-4CC4-A3A5-B1EA2629033D}.Release|ARM.ActiveCfg = Release|iPhone
		{12B35630-7A55-4CC4-A3A5-B1EA2629033D}.Release|iPhone.ActiveCfg = Release|iPhone
		{12B35630-7A55-4CC4-A3A5-B1EA2629033D}.Release|iPhone.Build.0 = Release|iPhone
		{12B35630-7A55-4CC4-A3A5-B1EA2629033D}.Release|iPhoneSimulator.ActiveCfg = Release|iPhoneSimulator
		{12B35630-7A55-4CC4-A3A5-B1EA2629033D}.Release|iPhoneSimulator.Build.0 = Release|iPhoneSimulator
		{12B35630-7A55-4CC4-A3A5-B1EA2629033D}.Release|x64.ActiveCfg = Release|iPhone
		{12B35630-7A55-4CC4-A3A5-B1EA2629033D}.Release|x86.ActiveCfg = Release|iPhone
		{E87B2389-604E-4480-A9E1-3814D8EF8D25}.Ad-Hoc|Any CPU.ActiveCfg = Debug|Any CPU
		{E87B2389-604E-4480-A9E1-3814D8EF8D25}.Ad-Hoc|Any CPU.Build.0 = Debug|Any CPU
		{E87B2389-604E-4480-A9E1-3814D8EF8D25}.Ad-Hoc|ARM.ActiveCfg = Debug|Any CPU
		{E87B2389-604E-4480-A9E1-3814D8EF8D25}.Ad-Hoc|ARM.Build.0 = Debug|Any CPU
		{E87B2389-604E-4480-A9E1-3814D8EF8D25}.Ad-Hoc|iPhone.ActiveCfg = Debug|Any CPU
		{E87B2389-604E-4480-A9E1-3814D8EF8D25}.Ad-Hoc|iPhone.Build.0 = Debug|Any CPU
		{E87B2389-604E-4480-A9E1-3814D8EF8D25}.Ad-Hoc|iPhoneSimulator.ActiveCfg = Debug|Any CPU
		{E87B2389-604E-4480-A9E1-3814D8EF8D25}.Ad-Hoc|iPhoneSimulator.Build.0 = Debug|Any CPU
		{E87B2389-604E-4480-A9E1-3814D8EF8D25}.Ad-Hoc|x64.ActiveCfg = Debug|Any CPU
		{E87B2389-604E-4480-A9E1-3814D8EF8D25}.Ad-Hoc|x64.Build.0 = Debug|Any CPU
		{E87B2389-604E-4480-A9E1-3814D8EF8D25}.Ad-Hoc|x86.ActiveCfg = Debug|Any CPU
		{E87B2389-604E-4480-A9E1-3814D8EF8D25}.Ad-Hoc|x86.Build.0 = Debug|Any CPU
		{E87B2389-604E-4480-A9E1-3814D8EF8D25}.AppStore|Any CPU.ActiveCfg = Debug|Any CPU
		{E87B2389-604E-4480-A9E1-3814D8EF8D25}.AppStore|Any CPU.Build.0 = Debug|Any CPU
		{E87B2389-604E-4480-A9E1-3814D8EF8D25}.AppStore|ARM.ActiveCfg = Debug|Any CPU
		{E87B2389-604E-4480-A9E1-3814D8EF8D25}.AppStore|ARM.Build.0 = Debug|Any CPU
		{E87B2389-604E-4480-A9E1-3814D8EF8D25}.AppStore|iPhone.ActiveCfg = Debug|Any CPU
		{E87B2389-604E-4480-A9E1-3814D8EF8D25}.AppStore|iPhone.Build.0 = Debug|Any CPU
		{E87B2389-604E-4480-A9E1-3814D8EF8D25}.AppStore|iPhoneSimulator.ActiveCfg = Debug|Any CPU
		{E87B2389-604E-4480-A9E1-3814D8EF8D25}.AppStore|iPhoneSimulator.Build.0 = Debug|Any CPU
		{E87B2389-604E-4480-A9E1-3814D8EF8D25}.AppStore|x64.ActiveCfg = Debug|Any CPU
		{E87B2389-604E-4480-A9E1-3814D8EF8D25}.AppStore|x64.Build.0 = Debug|Any CPU
		{E87B2389-604E-4480-A9E1-3814D8EF8D25}.AppStore|x86.ActiveCfg = Debug|Any CPU
		{E87B2389-604E-4480-A9E1-3814D8EF8D25}.AppStore|x86.Build.0 = Debug|Any CPU
		{E87B2389-604E-4480-A9E1-3814D8EF8D25}.Debug|Any CPU.ActiveCfg = Debug|Any CPU
		{E87B2389-604E-4480-A9E1-3814D8EF8D25}.Debug|Any CPU.Build.0 = Debug|Any CPU
		{E87B2389-604E-4480-A9E1-3814D8EF8D25}.Debug|ARM.ActiveCfg = Debug|Any CPU
		{E87B2389-604E-4480-A9E1-3814D8EF8D25}.Debug|ARM.Build.0 = Debug|Any CPU
		{E87B2389-604E-4480-A9E1-3814D8EF8D25}.Debug|iPhone.ActiveCfg = Debug|Any CPU
		{E87B2389-604E-4480-A9E1-3814D8EF8D25}.Debug|iPhone.Build.0 = Debug|Any CPU
		{E87B2389-604E-4480-A9E1-3814D8EF8D25}.Debug|iPhoneSimulator.ActiveCfg = Debug|Any CPU
		{E87B2389-604E-4480-A9E1-3814D8EF8D25}.Debug|iPhoneSimulator.Build.0 = Debug|Any CPU
		{E87B2389-604E-4480-A9E1-3814D8EF8D25}.Debug|x64.ActiveCfg = Debug|Any CPU
		{E87B2389-604E-4480-A9E1-3814D8EF8D25}.Debug|x64.Build.0 = Debug|Any CPU
		{E87B2389-604E-4480-A9E1-3814D8EF8D25}.Debug|x86.ActiveCfg = Debug|Any CPU
		{E87B2389-604E-4480-A9E1-3814D8EF8D25}.Debug|x86.Build.0 = Debug|Any CPU
		{E87B2389-604E-4480-A9E1-3814D8EF8D25}.Release|Any CPU.ActiveCfg = Release|Any CPU
		{E87B2389-604E-4480-A9E1-3814D8EF8D25}.Release|Any CPU.Build.0 = Release|Any CPU
		{E87B2389-604E-4480-A9E1-3814D8EF8D25}.Release|ARM.ActiveCfg = Release|Any CPU
		{E87B2389-604E-4480-A9E1-3814D8EF8D25}.Release|ARM.Build.0 = Release|Any CPU
		{E87B2389-604E-4480-A9E1-3814D8EF8D25}.Release|iPhone.ActiveCfg = Release|Any CPU
		{E87B2389-604E-4480-A9E1-3814D8EF8D25}.Release|iPhone.Build.0 = Release|Any CPU
		{E87B2389-604E-4480-A9E1-3814D8EF8D25}.Release|iPhoneSimulator.ActiveCfg = Release|Any CPU
		{E87B2389-604E-4480-A9E1-3814D8EF8D25}.Release|iPhoneSimulator.Build.0 = Release|Any CPU
		{E87B2389-604E-4480-A9E1-3814D8EF8D25}.Release|x64.ActiveCfg = Release|Any CPU
		{E87B2389-604E-4480-A9E1-3814D8EF8D25}.Release|x64.Build.0 = Release|Any CPU
		{E87B2389-604E-4480-A9E1-3814D8EF8D25}.Release|x86.ActiveCfg = Release|Any CPU
		{E87B2389-604E-4480-A9E1-3814D8EF8D25}.Release|x86.Build.0 = Release|Any CPU
	EndGlobalSection
	GlobalSection(SolutionProperties) = preSolution
		HideSolutionNode = FALSE
	EndGlobalSection
	GlobalSection(ExtensibilityGlobals) = postSolution
		SolutionGuid = {80E7778F-9C99-4FD7-AA0C-FD6543806913}
	EndGlobalSection
EndGlobal
