
Microsoft Visual Studio Solution File, Format Version 12.00
# Visual Studio 15
VisualStudioVersion = 15.0.27004.2005
MinimumVisualStudioVersion = 10.0.40219.1
Project("{D954291E-2A0B-460D-934E-DC6B0785DB48}") = "Mobile", "Mobile\Mobile\Mobile.shproj", "{26FFA21B-219C-464B-B8BF-E051B9FCB33B}"
EndProject
Project("{FAE04EC0-301F-11D3-BF4B-00C04F79EFBC}") = "Mobile.Android", "Mobile\Mobile.Android\Mobile.Android.csproj", "{87EDC5EA-D81E-455C-8A71-C27C841E1789}"
EndProject
Project("{FAE04EC0-301F-11D3-BF4B-00C04F79EFBC}") = "Mobile.iOS", "Mobile\Mobile.iOS\Mobile.iOS.csproj", "{85C66896-2A3E-49BC-8FE7-2CBFB01B895C}"
EndProject
Global
	GlobalSection(SharedMSBuildProjectFiles) = preSolution
		Mobile\Mobile\Mobile.projitems*{26ffa21b-219c-464b-b8bf-e051b9fcb33b}*SharedItemsImports = 13
		Mobile\Mobile\Mobile.projitems*{85c66896-2a3e-49bc-8fe7-2cbfb01b895c}*SharedItemsImports = 4
		Mobile\Mobile\Mobile.projitems*{87edc5ea-d81e-455c-8a71-c27c841e1789}*SharedItemsImports = 4
	EndGlobalSection
	GlobalSection(SolutionConfigurationPlatforms) = preSolution
		Ad-Hoc|Any CPU = Ad-Hoc|Any CPU
		Ad-Hoc|iPhone = Ad-Hoc|iPhone
		Ad-Hoc|iPhoneSimulator = Ad-Hoc|iPhoneSimulator
		AppStore|Any CPU = AppStore|Any CPU
		AppStore|iPhone = AppStore|iPhone
		AppStore|iPhoneSimulator = AppStore|iPhoneSimulator
		Debug|Any CPU = Debug|Any CPU
		Debug|iPhone = Debug|iPhone
		Debug|iPhoneSimulator = Debug|iPhoneSimulator
		Release|Any CPU = Release|Any CPU
		Release|iPhone = Release|iPhone
		Release|iPhoneSimulator = Release|iPhoneSimulator
	EndGlobalSection
	GlobalSection(ProjectConfigurationPlatforms) = postSolution
		{87EDC5EA-D81E-455C-8A71-C27C841E1789}.Ad-Hoc|Any CPU.ActiveCfg = Release|Any CPU
		{87EDC5EA-D81E-455C-8A71-C27C841E1789}.Ad-Hoc|Any CPU.Build.0 = Release|Any CPU
		{87EDC5EA-D81E-455C-8A71-C27C841E1789}.Ad-Hoc|Any CPU.Deploy.0 = Release|Any CPU
		{87EDC5EA-D81E-455C-8A71-C27C841E1789}.Ad-Hoc|iPhone.ActiveCfg = Release|Any CPU
		{87EDC5EA-D81E-455C-8A71-C27C841E1789}.Ad-Hoc|iPhone.Build.0 = Release|Any CPU
		{87EDC5EA-D81E-455C-8A71-C27C841E1789}.Ad-Hoc|iPhone.Deploy.0 = Release|Any CPU
		{87EDC5EA-D81E-455C-8A71-C27C841E1789}.Ad-Hoc|iPhoneSimulator.ActiveCfg = Release|Any CPU
		{87EDC5EA-D81E-455C-8A71-C27C841E1789}.Ad-Hoc|iPhoneSimulator.Build.0 = Release|Any CPU
		{87EDC5EA-D81E-455C-8A71-C27C841E1789}.Ad-Hoc|iPhoneSimulator.Deploy.0 = Release|Any CPU
		{87EDC5EA-D81E-455C-8A71-C27C841E1789}.AppStore|Any CPU.ActiveCfg = Release|Any CPU
		{87EDC5EA-D81E-455C-8A71-C27C841E1789}.AppStore|Any CPU.Build.0 = Release|Any CPU
		{87EDC5EA-D81E-455C-8A71-C27C841E1789}.AppStore|Any CPU.Deploy.0 = Release|Any CPU
		{87EDC5EA-D81E-455C-8A71-C27C841E1789}.AppStore|iPhone.ActiveCfg = Release|Any CPU
		{87EDC5EA-D81E-455C-8A71-C27C841E1789}.AppStore|iPhone.Build.0 = Release|Any CPU
		{87EDC5EA-D81E-455C-8A71-C27C841E1789}.AppStore|iPhone.Deploy.0 = Release|Any CPU
		{87EDC5EA-D81E-455C-8A71-C27C841E1789}.AppStore|iPhoneSimulator.ActiveCfg = Release|Any CPU
		{87EDC5EA-D81E-455C-8A71-C27C841E1789}.AppStore|iPhoneSimulator.Build.0 = Release|Any CPU
		{87EDC5EA-D81E-455C-8A71-C27C841E1789}.AppStore|iPhoneSimulator.Deploy.0 = Release|Any CPU
		{87EDC5EA-D81E-455C-8A71-C27C841E1789}.Debug|Any CPU.ActiveCfg = Debug|Any CPU
		{87EDC5EA-D81E-455C-8A71-C27C841E1789}.Debug|Any CPU.Build.0 = Debug|Any CPU
		{87EDC5EA-D81E-455C-8A71-C27C841E1789}.Debug|Any CPU.Deploy.0 = Debug|Any CPU
		{87EDC5EA-D81E-455C-8A71-C27C841E1789}.Debug|iPhone.ActiveCfg = Debug|Any CPU
		{87EDC5EA-D81E-455C-8A71-C27C841E1789}.Debug|iPhone.Build.0 = Debug|Any CPU
		{87EDC5EA-D81E-455C-8A71-C27C841E1789}.Debug|iPhone.Deploy.0 = Debug|Any CPU
		{87EDC5EA-D81E-455C-8A71-C27C841E1789}.Debug|iPhoneSimulator.ActiveCfg = Debug|Any CPU
		{87EDC5EA-D81E-455C-8A71-C27C841E1789}.Debug|iPhoneSimulator.Build.0 = Debug|Any CPU
		{87EDC5EA-D81E-455C-8A71-C27C841E1789}.Debug|iPhoneSimulator.Deploy.0 = Debug|Any CPU
		{87EDC5EA-D81E-455C-8A71-C27C841E1789}.Release|Any CPU.ActiveCfg = Release|Any CPU
		{87EDC5EA-D81E-455C-8A71-C27C841E1789}.Release|Any CPU.Build.0 = Release|Any CPU
		{87EDC5EA-D81E-455C-8A71-C27C841E1789}.Release|Any CPU.Deploy.0 = Release|Any CPU
		{87EDC5EA-D81E-455C-8A71-C27C841E1789}.Release|iPhone.ActiveCfg = Release|Any CPU
		{87EDC5EA-D81E-455C-8A71-C27C841E1789}.Release|iPhone.Build.0 = Release|Any CPU
		{87EDC5EA-D81E-455C-8A71-C27C841E1789}.Release|iPhone.Deploy.0 = Release|Any CPU
		{87EDC5EA-D81E-455C-8A71-C27C841E1789}.Release|iPhoneSimulator.ActiveCfg = Release|Any CPU
		{87EDC5EA-D81E-455C-8A71-C27C841E1789}.Release|iPhoneSimulator.Build.0 = Release|Any CPU
		{87EDC5EA-D81E-455C-8A71-C27C841E1789}.Release|iPhoneSimulator.Deploy.0 = Release|Any CPU
		{85C66896-2A3E-49BC-8FE7-2CBFB01B895C}.Ad-Hoc|Any CPU.ActiveCfg = Ad-Hoc|iPhoneSimulator
		{85C66896-2A3E-49BC-8FE7-2CBFB01B895C}.Ad-Hoc|iPhone.ActiveCfg = Ad-Hoc|iPhone
		{85C66896-2A3E-49BC-8FE7-2CBFB01B895C}.Ad-Hoc|iPhone.Build.0 = Ad-Hoc|iPhone
		{85C66896-2A3E-49BC-8FE7-2CBFB01B895C}.Ad-Hoc|iPhoneSimulator.ActiveCfg = Ad-Hoc|iPhoneSimulator
		{85C66896-2A3E-49BC-8FE7-2CBFB01B895C}.Ad-Hoc|iPhoneSimulator.Build.0 = Ad-Hoc|iPhoneSimulator
		{85C66896-2A3E-49BC-8FE7-2CBFB01B895C}.AppStore|Any CPU.ActiveCfg = AppStore|iPhoneSimulator
		{85C66896-2A3E-49BC-8FE7-2CBFB01B895C}.AppStore|iPhone.ActiveCfg = AppStore|iPhone
		{85C66896-2A3E-49BC-8FE7-2CBFB01B895C}.AppStore|iPhone.Build.0 = AppStore|iPhone
		{85C66896-2A3E-49BC-8FE7-2CBFB01B895C}.AppStore|iPhoneSimulator.ActiveCfg = AppStore|iPhoneSimulator
		{85C66896-2A3E-49BC-8FE7-2CBFB01B895C}.AppStore|iPhoneSimulator.Build.0 = AppStore|iPhoneSimulator
		{85C66896-2A3E-49BC-8FE7-2CBFB01B895C}.Debug|Any CPU.ActiveCfg = Debug|iPhoneSimulator
		{85C66896-2A3E-49BC-8FE7-2CBFB01B895C}.Debug|iPhone.ActiveCfg = Debug|iPhone
		{85C66896-2A3E-49BC-8FE7-2CBFB01B895C}.Debug|iPhone.Build.0 = Debug|iPhone
		{85C66896-2A3E-49BC-8FE7-2CBFB01B895C}.Debug|iPhoneSimulator.ActiveCfg = Debug|iPhoneSimulator
		{85C66896-2A3E-49BC-8FE7-2CBFB01B895C}.Debug|iPhoneSimulator.Build.0 = Debug|iPhoneSimulator
		{85C66896-2A3E-49BC-8FE7-2CBFB01B895C}.Release|Any CPU.ActiveCfg = Release|iPhoneSimulator
		{85C66896-2A3E-49BC-8FE7-2CBFB01B895C}.Release|iPhone.ActiveCfg = Release|iPhone
		{85C66896-2A3E-49BC-8FE7-2CBFB01B895C}.Release|iPhone.Build.0 = Release|iPhone
		{85C66896-2A3E-49BC-8FE7-2CBFB01B895C}.Release|iPhoneSimulator.ActiveCfg = Release|iPhoneSimulator
		{85C66896-2A3E-49BC-8FE7-2CBFB01B895C}.Release|iPhoneSimulator.Build.0 = Release|iPhoneSimulator
	EndGlobalSection
	GlobalSection(SolutionProperties) = preSolution
		HideSolutionNode = FALSE
	EndGlobalSection
	GlobalSection(ExtensibilityGlobals) = postSolution
		SolutionGuid = {80E7778F-9C99-4FD7-AA0C-FD6543806913}
	EndGlobalSection
EndGlobal
