
Microsoft Visual Studio Solution File, Format Version 12.00
# Visual Studio 15
VisualStudioVersion = 15.0.27004.2005
MinimumVisualStudioVersion = 10.0.40219.1
Project("{D954291E-2A0B-460D-934E-DC6B0785DB48}") = "CurrencyLayerMobile", "CurrencyLayerMobile\CurrencyLayerMobile\CurrencyLayerMobile.shproj", "{D364C7D4-BD32-4B6D-94A1-E35808F5C716}"
EndProject
Project("{FAE04EC0-301F-11D3-BF4B-00C04F79EFBC}") = "CurrencyLayerMobile.Android", "CurrencyLayerMobile\CurrencyLayerMobile.Android\CurrencyLayerMobile.Android.csproj", "{29AED711-3CE3-480C-A7AE-FDA657457324}"
EndProject
Project("{FAE04EC0-301F-11D3-BF4B-00C04F79EFBC}") = "CurrencyLayerMobile.iOS", "CurrencyLayerMobile\CurrencyLayerMobile.iOS\CurrencyLayerMobile.iOS.csproj", "{4550DE26-C9D3-467F-9631-2348966A3142}"
EndProject
Global
	GlobalSection(SharedMSBuildProjectFiles) = preSolution
		CurrencyLayerMobile\CurrencyLayerMobile\CurrencyLayerMobile.projitems*{4550de26-c9d3-467f-9631-2348966a3142}*SharedItemsImports = 4
		CurrencyLayerMobile\CurrencyLayerMobile\CurrencyLayerMobile.projitems*{d364c7d4-bd32-4b6d-94a1-e35808f5c716}*SharedItemsImports = 13
	EndGlobalSection
	GlobalSection(SolutionConfigurationPlatforms) = preSolution
		Debug|Any CPU = Debug|Any CPU
		Debug|iPhone = Debug|iPhone
		Debug|iPhoneSimulator = Debug|iPhoneSimulator
		Release|Any CPU = Release|Any CPU
		Release|iPhone = Release|iPhone
		Release|iPhoneSimulator = Release|iPhoneSimulator
	EndGlobalSection
	GlobalSection(ProjectConfigurationPlatforms) = postSolution
		{29AED711-3CE3-480C-A7AE-FDA657457324}.Debug|Any CPU.ActiveCfg = Debug|Any CPU
		{29AED711-3CE3-480C-A7AE-FDA657457324}.Debug|Any CPU.Build.0 = Debug|Any CPU
		{29AED711-3CE3-480C-A7AE-FDA657457324}.Debug|Any CPU.Deploy.0 = Debug|Any CPU
		{29AED711-3CE3-480C-A7AE-FDA657457324}.Debug|iPhone.ActiveCfg = Debug|Any CPU
		{29AED711-3CE3-480C-A7AE-FDA657457324}.Debug|iPhone.Build.0 = Debug|Any CPU
		{29AED711-3CE3-480C-A7AE-FDA657457324}.Debug|iPhone.Deploy.0 = Debug|Any CPU
		{29AED711-3CE3-480C-A7AE-FDA657457324}.Debug|iPhoneSimulator.ActiveCfg = Debug|Any CPU
		{29AED711-3CE3-480C-A7AE-FDA657457324}.Debug|iPhoneSimulator.Build.0 = Debug|Any CPU
		{29AED711-3CE3-480C-A7AE-FDA657457324}.Debug|iPhoneSimulator.Deploy.0 = Debug|Any CPU
		{29AED711-3CE3-480C-A7AE-FDA657457324}.Release|Any CPU.ActiveCfg = Release|Any CPU
		{29AED711-3CE3-480C-A7AE-FDA657457324}.Release|Any CPU.Build.0 = Release|Any CPU
		{29AED711-3CE3-480C-A7AE-FDA657457324}.Release|Any CPU.Deploy.0 = Release|Any CPU
		{29AED711-3CE3-480C-A7AE-FDA657457324}.Release|iPhone.ActiveCfg = Release|Any CPU
		{29AED711-3CE3-480C-A7AE-FDA657457324}.Release|iPhone.Build.0 = Release|Any CPU
		{29AED711-3CE3-480C-A7AE-FDA657457324}.Release|iPhone.Deploy.0 = Release|Any CPU
		{29AED711-3CE3-480C-A7AE-FDA657457324}.Release|iPhoneSimulator.ActiveCfg = Release|Any CPU
		{29AED711-3CE3-480C-A7AE-FDA657457324}.Release|iPhoneSimulator.Build.0 = Release|Any CPU
		{29AED711-3CE3-480C-A7AE-FDA657457324}.Release|iPhoneSimulator.Deploy.0 = Release|Any CPU
		{4550DE26-C9D3-467F-9631-2348966A3142}.Debug|Any CPU.ActiveCfg = Debug|iPhoneSimulator
		{4550DE26-C9D3-467F-9631-2348966A3142}.Debug|iPhone.ActiveCfg = Debug|iPhone
		{4550DE26-C9D3-467F-9631-2348966A3142}.Debug|iPhone.Build.0 = Debug|iPhone
		{4550DE26-C9D3-467F-9631-2348966A3142}.Debug|iPhoneSimulator.ActiveCfg = Debug|iPhoneSimulator
		{4550DE26-C9D3-467F-9631-2348966A3142}.Debug|iPhoneSimulator.Build.0 = Debug|iPhoneSimulator
		{4550DE26-C9D3-467F-9631-2348966A3142}.Release|Any CPU.ActiveCfg = Release|iPhoneSimulator
		{4550DE26-C9D3-467F-9631-2348966A3142}.Release|iPhone.ActiveCfg = Release|iPhone
		{4550DE26-C9D3-467F-9631-2348966A3142}.Release|iPhone.Build.0 = Release|iPhone
		{4550DE26-C9D3-467F-9631-2348966A3142}.Release|iPhoneSimulator.ActiveCfg = Release|iPhoneSimulator
		{4550DE26-C9D3-467F-9631-2348966A3142}.Release|iPhoneSimulator.Build.0 = Release|iPhoneSimulator
	EndGlobalSection
	GlobalSection(SolutionProperties) = preSolution
		HideSolutionNode = FALSE
	EndGlobalSection
	GlobalSection(ExtensibilityGlobals) = postSolution
		SolutionGuid = {80E7778F-9C99-4FD7-AA0C-FD6543806913}
	EndGlobalSection
EndGlobal
